{
  "name": "imager",
  "version": "1.0.0",
  "lockfileVersion": 1,
  "dependencies": {
    "bluebird": {
      "version": "http://registry.npm.taobao.org/bluebird/download/bluebird-3.5.0.tgz"
    },
    "fs-extra": {
      "version": "http://registry.npm.taobao.org/fs-extra/download/fs-extra-3.0.1.tgz",
      "dependencies": {
        "graceful-fs": {
          "version": "http://registry.npm.taobao.org/graceful-fs/download/graceful-fs-4.1.11.tgz"
        },
        "jsonfile": {
          "version": "http://registry.npm.taobao.org/jsonfile/download/jsonfile-3.0.0.tgz",
          "dependencies": {
            "graceful-fs": {
              "version": "4.1.11",
              "resolved": "http://registry.npm.taobao.org/graceful-fs/download/graceful-fs-4.1.11.tgz",
              "optional": true
            }
          }
        },
        "universalify": {
          "version": "http://registry.npm.taobao.org/universalify/download/universalify-0.1.0.tgz"
        }
      }
    },
    "image-size": {
      "version": "http://registry.npm.taobao.org/image-size/download/image-size-0.5.5.tgz"
    },
    "moment": {
      "version": "http://registry.npm.taobao.org/moment/download/moment-2.18.1.tgz"
    }
  }
}
